Microsoft Visual Studio Solution File, Format Version 12.00
# Visual Studio 15
Project("{8BC9CEB8-8B4A-11D0-8D11-00A0C91BC942}") = "ALL_BUILD", "ALL_BUILD.vcxproj", "{3144197D-7F2B-381F-9AA8-F7AE0CC79D29}"
	ProjectSection(ProjectDependencies) = postProject
		{1A5A68AE-4E82-39C2-9988-D1BAEE3ABC85} = {1A5A68AE-4E82-39C2-9988-D1BAEE3ABC85}
		{DCBD4340-ACD0-3424-9580-526F6CD376E4} = {DCBD4340-ACD0-3424-9580-526F6CD376E4}
	EndProjectSection
EndProject
Project("{8BC9CEB8-8B4A-11D0-8D11-00A0C91BC942}") = "GenerateVersion", "GenerateVersion.vcxproj", "{81919AFB-5D03-3E3D-A14F-34983988E442}"
	ProjectSection(ProjectDependencies) = postProject
		{1A5A68AE-4E82-39C2-9988-D1BAEE3ABC85} = {1A5A68AE-4E82-39C2-9988-D1BAEE3ABC85}
	EndProjectSection
EndProject
Project("{8BC9CEB8-8B4A-11D0-8D11-00A0C91BC942}") = "INSTALL", "INSTALL.vcxproj", "{3BC7CC37-AD3A-3D5B-99B6-AE74098B062E}"
	ProjectSection(ProjectDependencies) = postProject
		{3144197D-7F2B-381F-9AA8-F7AE0CC79D29} = {3144197D-7F2B-381F-9AA8-F7AE0CC79D29}
		{1A5A68AE-4E82-39C2-9988-D1BAEE3ABC85} = {1A5A68AE-4E82-39C2-9988-D1BAEE3ABC85}
	EndProjectSection
EndProject
Project("{8BC9CEB8-8B4A-11D0-8D11-00A0C91BC942}") = "PACKAGE", "PACKAGE.vcxproj", "{7CB58CFD-3F98-3D9A-85E8-8BE145A2729E}"
	ProjectSection(ProjectDependencies) = postProject
		{3144197D-7F2B-381F-9AA8-F7AE0CC79D29} = {3144197D-7F2B-381F-9AA8-F7AE0CC79D29}
		{1A5A68AE-4E82-39C2-9988-D1BAEE3ABC85} = {1A5A68AE-4E82-39C2-9988-D1BAEE3ABC85}
	EndProjectSection
EndProject
Project("{8BC9CEB8-8B4A-11D0-8D11-00A0C91BC942}") = "ZERO_CHECK", "..\\ZERO_CHECK.vcxproj", "{1A5A68AE-4E82-39C2-9988-D1BAEE3ABC85}"
	ProjectSection(ProjectDependencies) = postProject
	EndProjectSection
EndProject
Project("{8BC9CEB8-8B4A-11D0-8D11-00A0C91BC942}") = "gmp", "..\lib\gmp\gmp.vcxproj", "{7A94CCBD-64D7-36FF-AF3B-C32713F5BE57}"
	ProjectSection(ProjectDependencies) = postProject
		{1A5A68AE-4E82-39C2-9988-D1BAEE3ABC85} = {1A5A68AE-4E82-39C2-9988-D1BAEE3ABC85}
	EndProjectSection
EndProject
Project("{8BC9CEB8-8B4A-11D0-8D11-00A0C91BC942}") = "jsoncpp", "..\lib\jsoncpp\jsoncpp.vcxproj", "{C1E26892-0CC2-3F1E-8DA6-9101F5BD4785}"
	ProjectSection(ProjectDependencies) = postProject
		{1A5A68AE-4E82-39C2-9988-D1BAEE3ABC85} = {1A5A68AE-4E82-39C2-9988-D1BAEE3ABC85}
	EndProjectSection
EndProject
Project("{8BC9CEB8-8B4A-11D0-8D11-00A0C91BC942}") = "minetest", "minetest.vcxproj", "{DCBD4340-ACD0-3424-9580-526F6CD376E4}"
	ProjectSection(ProjectDependencies) = postProject
		{81919AFB-5D03-3E3D-A14F-34983988E442} = {81919AFB-5D03-3E3D-A14F-34983988E442}
		{1A5A68AE-4E82-39C2-9988-D1BAEE3ABC85} = {1A5A68AE-4E82-39C2-9988-D1BAEE3ABC85}
		{7A94CCBD-64D7-36FF-AF3B-C32713F5BE57} = {7A94CCBD-64D7-36FF-AF3B-C32713F5BE57}
		{C1E26892-0CC2-3F1E-8DA6-9101F5BD4785} = {C1E26892-0CC2-3F1E-8DA6-9101F5BD4785}
	EndProjectSection
EndProject
Global
	GlobalSection(SolutionConfigurationPlatforms) = preSolution
		Debug|Win32 = Debug|Win32
		Release|Win32 = Release|Win32
		MinSizeRel|Win32 = MinSizeRel|Win32
		RelWithDebInfo|Win32 = RelWithDebInfo|Win32
	EndGlobalSection
	GlobalSection(ProjectConfigurationPlatforms) = postSolution
		{3144197D-7F2B-381F-9AA8-F7AE0CC79D29}.Debug|Win32.ActiveCfg = Debug|Win32
		{3144197D-7F2B-381F-9AA8-F7AE0CC79D29}.Debug|Win32.Build.0 = Debug|Win32
		{3144197D-7F2B-381F-9AA8-F7AE0CC79D29}.Release|Win32.ActiveCfg = Release|Win32
		{3144197D-7F2B-381F-9AA8-F7AE0CC79D29}.Release|Win32.Build.0 = Release|Win32
		{3144197D-7F2B-381F-9AA8-F7AE0CC79D29}.MinSizeRel|Win32.ActiveCfg = MinSizeRel|Win32
		{3144197D-7F2B-381F-9AA8-F7AE0CC79D29}.MinSizeRel|Win32.Build.0 = MinSizeRel|Win32
		{3144197D-7F2B-381F-9AA8-F7AE0CC79D29}.RelWithDebInfo|Win32.ActiveCfg = RelWithDebInfo|Win32
		{3144197D-7F2B-381F-9AA8-F7AE0CC79D29}.RelWithDebInfo|Win32.Build.0 = RelWithDebInfo|Win32
		{81919AFB-5D03-3E3D-A14F-34983988E442}.Debug|Win32.ActiveCfg = Debug|Win32
		{81919AFB-5D03-3E3D-A14F-34983988E442}.Debug|Win32.Build.0 = Debug|Win32
		{81919AFB-5D03-3E3D-A14F-34983988E442}.Release|Win32.ActiveCfg = Release|Win32
		{81919AFB-5D03-3E3D-A14F-34983988E442}.Release|Win32.Build.0 = Release|Win32
		{81919AFB-5D03-3E3D-A14F-34983988E442}.MinSizeRel|Win32.ActiveCfg = MinSizeRel|Win32
		{81919AFB-5D03-3E3D-A14F-34983988E442}.MinSizeRel|Win32.Build.0 = MinSizeRel|Win32
		{81919AFB-5D03-3E3D-A14F-34983988E442}.RelWithDebInfo|Win32.ActiveCfg = RelWithDebInfo|Win32
		{81919AFB-5D03-3E3D-A14F-34983988E442}.RelWithDebInfo|Win32.Build.0 = RelWithDebInfo|Win32
		{3BC7CC37-AD3A-3D5B-99B6-AE74098B062E}.Debug|Win32.ActiveCfg = Debug|Win32
		{3BC7CC37-AD3A-3D5B-99B6-AE74098B062E}.Release|Win32.ActiveCfg = Release|Win32
		{3BC7CC37-AD3A-3D5B-99B6-AE74098B062E}.MinSizeRel|Win32.ActiveCfg = MinSizeRel|Win32
		{3BC7CC37-AD3A-3D5B-99B6-AE74098B062E}.RelWithDebInfo|Win32.ActiveCfg = RelWithDebInfo|Win32
		{7CB58CFD-3F98-3D9A-85E8-8BE145A2729E}.Debug|Win32.ActiveCfg = Debug|Win32
		{7CB58CFD-3F98-3D9A-85E8-8BE145A2729E}.Release|Win32.ActiveCfg = Release|Win32
		{7CB58CFD-3F98-3D9A-85E8-8BE145A2729E}.MinSizeRel|Win32.ActiveCfg = MinSizeRel|Win32
		{7CB58CFD-3F98-3D9A-85E8-8BE145A2729E}.RelWithDebInfo|Win32.ActiveCfg = RelWithDebInfo|Win32
		{1A5A68AE-4E82-39C2-9988-D1BAEE3ABC85}.Debug|Win32.ActiveCfg = Debug|Win32
		{1A5A68AE-4E82-39C2-9988-D1BAEE3ABC85}.Debug|Win32.Build.0 = Debug|Win32
		{1A5A68AE-4E82-39C2-9988-D1BAEE3ABC85}.Release|Win32.ActiveCfg = Release|Win32
		{1A5A68AE-4E82-39C2-9988-D1BAEE3ABC85}.Release|Win32.Build.0 = Release|Win32
		{1A5A68AE-4E82-39C2-9988-D1BAEE3ABC85}.MinSizeRel|Win32.ActiveCfg = MinSizeRel|Win32
		{1A5A68AE-4E82-39C2-9988-D1BAEE3ABC85}.MinSizeRel|Win32.Build.0 = MinSizeRel|Win32
		{1A5A68AE-4E82-39C2-9988-D1BAEE3ABC85}.RelWithDebInfo|Win32.ActiveCfg = RelWithDebInfo|Win32
		{1A5A68AE-4E82-39C2-9988-D1BAEE3ABC85}.RelWithDebInfo|Win32.Build.0 = RelWithDebInfo|Win32
		{7A94CCBD-64D7-36FF-AF3B-C32713F5BE57}.Debug|Win32.ActiveCfg = Debug|Win32
		{7A94CCBD-64D7-36FF-AF3B-C32713F5BE57}.Debug|Win32.Build.0 = Debug|Win32
		{7A94CCBD-64D7-36FF-AF3B-C32713F5BE57}.Release|Win32.ActiveCfg = Release|Win32
		{7A94CCBD-64D7-36FF-AF3B-C32713F5BE57}.Release|Win32.Build.0 = Release|Win32
		{7A94CCBD-64D7-36FF-AF3B-C32713F5BE57}.MinSizeRel|Win32.ActiveCfg = MinSizeRel|Win32
		{7A94CCBD-64D7-36FF-AF3B-C32713F5BE57}.MinSizeRel|Win32.Build.0 = MinSizeRel|Win32
		{7A94CCBD-64D7-36FF-AF3B-C32713F5BE57}.RelWithDebInfo|Win32.ActiveCfg = RelWithDebInfo|Win32
		{7A94CCBD-64D7-36FF-AF3B-C32713F5BE57}.RelWithDebInfo|Win32.Build.0 = RelWithDebInfo|Win32
		{C1E26892-0CC2-3F1E-8DA6-9101F5BD4785}.Debug|Win32.ActiveCfg = Debug|Win32
		{C1E26892-0CC2-3F1E-8DA6-9101F5BD4785}.Debug|Win32.Build.0 = Debug|Win32
		{C1E26892-0CC2-3F1E-8DA6-9101F5BD4785}.Release|Win32.ActiveCfg = Release|Win32
		{C1E26892-0CC2-3F1E-8DA6-9101F5BD4785}.Release|Win32.Build.0 = Release|Win32
		{C1E26892-0CC2-3F1E-8DA6-9101F5BD4785}.MinSizeRel|Win32.ActiveCfg = MinSizeRel|Win32
		{C1E26892-0CC2-3F1E-8DA6-9101F5BD4785}.MinSizeRel|Win32.Build.0 = MinSizeRel|Win32
		{C1E26892-0CC2-3F1E-8DA6-9101F5BD4785}.RelWithDebInfo|Win32.ActiveCfg = RelWithDebInfo|Win32
		{C1E26892-0CC2-3F1E-8DA6-9101F5BD4785}.RelWithDebInfo|Win32.Build.0 = RelWithDebInfo|Win32
		{DCBD4340-ACD0-3424-9580-526F6CD376E4}.Debug|Win32.ActiveCfg = Debug|Win32
		{DCBD4340-ACD0-3424-9580-526F6CD376E4}.Debug|Win32.Build.0 = Debug|Win32
		{DCBD4340-ACD0-3424-9580-526F6CD376E4}.Release|Win32.ActiveCfg = Release|Win32
		{DCBD4340-ACD0-3424-9580-526F6CD376E4}.Release|Win32.Build.0 = Release|Win32
		{DCBD4340-ACD0-3424-9580-526F6CD376E4}.MinSizeRel|Win32.ActiveCfg = MinSizeRel|Win32
		{DCBD4340-ACD0-3424-9580-526F6CD376E4}.MinSizeRel|Win32.Build.0 = MinSizeRel|Win32
		{DCBD4340-ACD0-3424-9580-526F6CD376E4}.RelWithDebInfo|Win32.ActiveCfg = RelWithDebInfo|Win32
		{DCBD4340-ACD0-3424-9580-526F6CD376E4}.RelWithDebInfo|Win32.Build.0 = RelWithDebInfo|Win32
	EndGlobalSection
	GlobalSection(ExtensibilityGlobals) = postSolution
		SolutionGuid = {31CC2551-1F5B-3A8C-963C-3DB01200E537}
	EndGlobalSection
	GlobalSection(ExtensibilityAddIns) = postSolution
	EndGlobalSection
EndGlobal
